// !$*UTF8*$!
{
	archiveVersion = 1;
	classes = {
	};
	objectVersion = 46;
	objects = {

/* Begin PBXBuildFile section */
		6F480B061BE2AA7300E78FBD /* NewToDoItemViewController.swift in Sources */ = {isa = PBXBuildFile; fileRef = 6F480B051BE2AA7300E78FBD /* NewToDoItemViewController.swift */; settings = {ASSET_TAGS = (); }; };
		6F4DB3511BE01BBE00325F86 /* AppDelegate.swift in Sources */ = {isa = PBXBuildFile; fileRef = 6F4DB3501BE01BBE00325F86 /* AppDelegate.swift */; };
		6F4DB3531BE01BBE00325F86 /* ViewController.swift in Sources */ = {isa = PBXBuildFile; fileRef = 6F4DB3521BE01BBE00325F86 /* ViewController.swift */; };
		6F4DB3561BE01BBE00325F86 /* Main.storyboard in Resources */ = {isa = PBXBuildFile; fileRef = 6F4DB3541BE01BBE00325F86 /* Main.storyboard */; };
		6F4DB3581BE01BBE00325F86 /* Assets.xcassets in Resources */ = {isa = PBXBuildFile; fileRef = 6F4DB3571BE01BBE00325F86 /* Assets.xcassets */; };
		6F4DB35B1BE01BBE00325F86 /* LaunchScreen.storyboard in Resources */ = {isa = PBXBuildFile; fileRef = 6F4DB3591BE01BBE00325F86 /* LaunchScreen.storyboard */; };
/* End PBXBuildFile section */

/* Begin PBXFileReference section */
		6F480B051BE2AA7300E78FBD /* NewToDoItemViewController.swift */ = {isa = PBXFileReference; fileEncoding = 4; lastKnownFileType = sourcecode.swift; path = NewToDoItemViewController.swift; sourceTree = "<group>"; };
		6F4DB34D1BE01BBE00325F86 /* ToDoListTutorial.app */ = {isa = PBXFileReference; explicitFileType = wrapper.application; includeInIndex = 0; path = ToDoListTutorial.app; sourceTree = BUILT_PRODUCTS_DIR; };
		6F4DB3501BE01BBE00325F86 /* AppDelegate.swift */ = {isa = PBXFileReference; lastKnownFileType = sourcecode.swift; path = AppDelegate.swift; sourceTree = "<group>"; };
		6F4DB3521BE01BBE00325F86 /* ViewController.swift */ = {isa = PBXFileReference; lastKnownFileType = sourcecode.swift; path = ViewController.swift; sourceTree = "<group>"; };
		6F4DB3551BE01BBE00325F86 /* Base */ = {isa = PBXFileReference; lastKnownFileType = file.storyboard; name = Base; path = Base.lproj/Main.storyboard; sourceTree = "<group>"; };
		6F4DB3571BE01BBE00325F86 /* Assets.xcassets */ = {isa = PBXFileReference; lastKnownFileType = folder.assetcatalog; path = Assets.xcassets; sourceTree = "<group>"; };
		6F4DB35A1BE01BBE00325F86 /* Base */ = {isa = PBXFileReference; lastKnownFileType = file.storyboard; name = Base; path = Base.lproj/LaunchScreen.storyboard; sourceTree = "<group>"; };
		6F4DB35C1BE01BBE00325F86 /* Info.plist */ = {isa = PBXFileReference; lastKnownFileType = text.plist.xml; path = Info.plist; sourceTree = "<group>"; };
/* End PBXFileReference section */

/* Begin PBXFrameworksBuildPhase section */
		6F4DB34A1BE01BBE00325F86 /* Frameworks */ = {
			isa = PBXFrameworksBuildPhase;
			buildActionMask = 2147483647;
			files = (
			);
			runOnlyForDeploymentPostprocessing = 0;
		};
/* End PBXFrameworksBuildPhase section */

/* Begin PBXGroup section */
		6F4DB3441BE01BBE00325F86 = {
			isa = PBXGroup;
			children = (
				6F4DB34F1BE01BBE00325F86 /* ToDoListTutorial */,
				6F4DB34E1BE01BBE00325F86 /* Products */,
			);
			sourceTree = "<group>";
		};
		6F4DB34E1BE01BBE00325F86 /* Products */ = {
			isa = PBXGroup;
			children = (
				6F4DB34D1BE01BBE00325F86 /* ToDoListTutorial.app */,
			);
			name = Products;
			sourceTree = "<group>";
		};
		6F4DB34F1BE01BBE00325F86 /* ToDoListTutorial */ = {
			isa = PBXGroup;
			children = (
				6F4DB3501BE01BBE00325F86 /* AppDelegate.swift */,
				6F4DB3521BE01BBE00325F86 /* ViewController.swift */,
				6F4DB3541BE01BBE00325F86 /* Main.storyboard */,
				6F480B051BE2AA7300E78FBD /* NewToDoItemViewController.swift */,
				6F4DB3571BE01BBE00325F86 /* Assets.xcassets */,
				6F4DB3591BE01BBE00325F86 /* LaunchScreen.storyboard */,
				6F4DB35C1BE01BBE00325F86 /* Info.plist */,
			);
			path = ToDoListTutorial;
			sourceTree = "<group>";
		};
/* End PBXGroup section */

/* Begin PBXNativeTarget section */
		6F4DB34C1BE01BBE00325F86 /* ToDoListTutorial */ = {
			isa = PBXNativeTarget;
			buildConfigurationList = 6F4DB35F1BE01BBE00325F86 /* Build configuration list for PBXNativeTarget "ToDoListTutorial" */;
			buildPhases = (
				6F4DB3491BE01BBE00325F86 /* Sources */,
				6F4DB34A1BE01BBE00325F86 /* Frameworks */,
				6F4DB34B1BE01BBE00325F86 /* Resources */,
			);
			buildRules = (
			);
			dependencies = (
			);
			name = ToDoListTutorial;
			productName = ToDoListTutorial;
			productReference = 6F4DB34D1BE01BBE00325F86 /* ToDoListTutorial.app */;
			productType = "com.apple.product-type.application";
		};
/* End PBXNativeTarget section */

/* Begin PBXProject section */
		6F4DB3451BE01BBE00325F86 /* Project object */ = {
			isa = PBXProject;
			attributes = {
				LastUpgradeCheck = 0700;
				ORGANIZATIONNAME = "___sks6___";
				TargetAttributes = {
					6F4DB34C1BE01BBE00325F86 = {
						CreatedOnToolsVersion = 7.0.1;
					};
				};
			};
			buildConfigurationList = 6F4DB3481BE01BBE00325F86 /* Build configuration list for PBXProject "ToDoListTutorial" */;
			compatibilityVersion = "Xcode 3.2";
			developmentRegion = English;
			hasScannedForEncodings = 0;
			knownRegions = (
				en,
				Base,
			);
			mainGroup = 6F4DB3441BE01BBE00325F86;
			productRefGroup = 6F4DB34E1BE01BBE00325F86 /* Products */;
			projectDirPath = "";
			projectRoot = "";
			targets = (
				6F4DB34C1BE01BBE00325F86 /* ToDoListTutorial */,
			);
		};
/* End PBXProject section */

/* Begin PBXResourcesBuildPhase section */
		6F4DB34B1BE01BBE00325F86 /* Resources */ = {
			isa = PBXResourcesBuildPhase;
			buildActionMask = 2147483647;
			files = (
				6F4DB35B1BE01BBE00325F86 /* LaunchScreen.storyboard in Resources */,
				6F4DB3581BE01BBE00325F86 /* Assets.xcassets in Resources */,
				6F4DB3561BE01BBE00325F86 /* Main.storyboard in Resources */,
			);
			runOnlyForDeploymentPostprocessing = 0;
		};
/* End PBXResourcesBuildPhase section */

/* Begin PBXSourcesBuildPhase section */
		6F4DB3491BE01BBE00325F86 /* Sources */ = {
			isa = PBXSourcesBuildPhase;
			buildActionMask = 2147483647;
			files = (
				6F480B061BE2AA7300E78FBD /* NewToDoItemViewController.swift in Sources */,
				6F4DB3531BE01BBE00325F86 /* ViewController.swift in Sources */,
				6F4DB3511BE01BBE00325F86 /* AppDelegate.swift in Sources */,
			);
			runOnlyForDeploymentPostprocessing = 0;
		};
/* End PBXSourcesBuildPhase section */

/* Begin PBXVariantGroup section */
		6F4DB3541BE01BBE00325F86 /* Main.storyboard */ = {
			isa = PBXVariantGroup;
			children = (
				6F4DB3551BE01BBE00325F86 /* Base */,
			);
			name = Main.storyboard;
			sourceTree = "<group>";
		};
		6F4DB3591BE01BBE00325F86 /* LaunchScreen.storyboard */ = {
			isa = PBXVariantGroup;
			children = (
				6F4DB35A1BE01BBE00325F86 /* Base */,
			);
			name = LaunchScreen.storyboard;
			sourceTree = "<group>";
		};
/* End PBXVariantGroup section */

/* Begin XCBuildConfiguration section */
		6F4DB35D1BE01BBE00325F86 /* Debug */ = {
			isa = XCBuildConfiguration;
			buildSettings = {
				ALWAYS_SEARCH_USER_PATHS = NO;
				CLANG_CXX_LANGUAGE_STANDARD = "gnu++0x";
				CLANG_CXX_LIBRARY = "libc++";
				CLANG_ENABLE_MODULES = YES;
				CLANG_ENABLE_OBJC_ARC = YES;
				CLANG_WARN_BOOL_CONVERSION = YES;
				CLANG_WARN_CONSTANT_CONVERSION = YES;
				CLANG_WARN_DIRECT_OBJC_ISA_USAGE = YES_ERROR;
				CLANG_WARN_EMPTY_BODY = YES;
				CLANG_WARN_ENUM_CONVERSION = YES;
				CLANG_WARN_INT_CONVERSION = YES;
				CLANG_WARN_OBJC_ROOT_CLASS = YES_ERROR;
				CLANG_WARN_UNREACHABLE_CODE = YES;
				CLANG_WARN__DUPLICATE_METHOD_MATCH = YES;
				"CODE_SIGN_IDENTITY[sdk=iphoneos*]" = "iPhone Developer";
				COPY_PHASE_STRIP = NO;
				DEBUG_INFORMATION_FORMAT = dwarf;
				ENABLE_STRICT_OBJC_MSGSEND = YES;
				ENABLE_TESTABILITY = YES;
				GCC_C_LANGUAGE_STANDARD = gnu99;
				GCC_DYNAMIC_NO_PIC = NO;
				GCC_NO_COMMON_BLOCKS = YES;
				GCC_OPTIMIZATION_LEVEL = 0;
				GCC_PREPROCESSOR_DEFINITIONS = (
					"DEBUG=1",
					"$(inherited)",
				);
				GCC_WARN_64_TO_32_BIT_CONVERSION = YES;
				GCC_WARN_ABOUT_RETURN_TYPE = YES_ERROR;
				GCC_WARN_UNDECLARED_SELECTOR = YES;
				GCC_WARN_UNINITIALIZED_AUTOS = YES_AGGRESSIVE;
				GCC_WARN_UNUSED_FUNCTION = YES;
				GCC_WARN_UNUSED_VARIABLE = YES;
				IPHONEOS_DEPLOYMENT_TARGET = 9.0;
				MTL_ENABLE_DEBUG_INFO = YES;
				ONLY_ACTIVE_ARCH = YES;
				SDKROOT = iphoneos;
				SWIFT_OPTIMIZATION_LEVEL = "-Onone";
				TARGETED_DEVICE_FAMILY = "1,2";
			};
			name = Debug;
		};
		6F4DB35E1BE01BBE00325F86 /* Release */ = {
			isa = XCBuildConfiguration;
			buildSettings = {
				ALWAYS_SEARCH_USER_PATHS = NO;
				CLANG_CXX_LANGUAGE_STANDARD = "gnu++0x";
				CLANG_CXX_LIBRARY = "libc++";
				CLANG_ENABLE_MODULES = YES;
				CLANG_ENABLE_OBJC_ARC = YES;
				CLANG_WARN_BOOL_CONVERSION = YES;
				CLANG_WARN_CONSTANT_CONVERSION = YES;
				CLANG_WARN_DIRECT_OBJC_ISA_USAGE = YES_ERROR;
				CLANG_WARN_EMPTY_BODY = YES;
				CLANG_WARN_ENUM_CONVERSION = YES;
				CLANG_WARN_INT_CONVERSION = YES;
				CLANG_WARN_OBJC_ROOT_CLASS = YES_ERROR;
				CLANG_WARN_UNREACHABLE_CODE = YES;
				CLANG_WARN__DUPLICATE_METHOD_MATCH = YES;
				"CODE_SIGN_IDENTITY[sdk=iphoneos*]" = "iPhone Developer";
				COPY_PHASE_STRIP = NO;
				DEBUG_INFORMATION_FORMAT = "dwarf-with-dsym";
				ENABLE_NS_ASSERTIONS = NO;
				ENABLE_STRICT_OBJC_MSGSEND = YES;
				GCC_C_LANGUAGE_STANDARD = gnu99;
				GCC_NO_COMMON_BLOCKS = YES;
				GCC_WARN_64_TO_32_BIT_CONVERSION = YES;
				GCC_WARN_ABOUT_RETURN_TYPE = YES_ERROR;
				GCC_WARN_UNDECLARED_SELECTOR = YES;
				GCC_WARN_UNINITIALIZED_AUTOS = YES_AGGRESSIVE;
				GCC_WARN_UNUSED_FUNCTION = YES;
				GCC_WARN_UNUSED_VARIABLE = YES;
				IPHONEOS_DEPLOYMENT_TARGET = 9.0;
				MTL_ENABLE_DEBUG_INFO = NO;
				SDKROOT = iphoneos;
				TARGETED_DEVICE_FAMILY = "1,2";
				VALIDATE_PRODUCT = YES;
			};
			name = Release;
		};
		6F4DB3601BE01BBE00325F86 /* Debug */ = {
			isa = XCBuildConfiguration;
			buildSettings = {
				ASSETCATALOG_COMPILER_APPICON_NAME = AppIcon;
				INFOPLIST_FILE = ToDoListTutorial/Info.plist;
				LD_RUNPATH_SEARCH_PATHS = "$(inherited) @executable_path/Frameworks";
				PRODUCT_BUNDLE_IDENTIFIER = edu.duke.scottyshaw.ToDoListTutorial;
				PRODUCT_NAME = "$(TARGET_NAME)";
			};
			name = Debug;
		};
		6F4DB3611BE01BBE00325F86 /* Release */ = {
			isa = XCBuildConfiguration;
			buildSettings = {
				ASSETCATALOG_COMPILER_APPICON_NAME = AppIcon;
				INFOPLIST_FILE = ToDoListTutorial/Info.plist;
				LD_RUNPATH_SEARCH_PATHS = "$(inherited) @executable_path/Frameworks";
				PRODUCT_BUNDLE_IDENTIFIER = edu.duke.scottyshaw.ToDoListTutorial;
				PRODUCT_NAME = "$(TARGET_NAME)";
			};
			name = Release;
		};
/* End XCBuildConfiguration section */

/* Begin XCConfigurationList section */
		6F4DB3481BE01BBE00325F86 /* Build configuration list for PBXProject "ToDoListTutorial" */ = {
			isa = XCConfigurationList;
			buildConfigurations = (
				6F4DB35D1BE01BBE00325F86 /* Debug */,
				6F4DB35E1BE01BBE00325F86 /* Release */,
			);
			defaultConfigurationIsVisible = 0;
			defaultConfigurationName = Release;
		};
		6F4DB35F1BE01BBE00325F86 /* Build configuration list for PBXNativeTarget "ToDoListTutorial" */ = {
			isa = XCConfigurationList;
			buildConfigurations = (
				6F4DB3601BE01BBE00325F86 /* Debug */,
				6F4DB3611BE01BBE00325F86 /* Release */,
			);
			defaultConfigurationIsVisible = 0;
			defaultConfigurationName = Release;
		};
/* End XCConfigurationList section */
	};
	rootObject = 6F4DB3451BE01BBE00325F86 /* Project object */;
}
